// !$*UTF8*$!
{
	archiveVersion = 1;
	classes = {
	};
	objectVersion = 50;
	objects = {

/* Begin PBXBuildFile section */
		C842246F25BC9F79001BE29C /* UnitTestingDemoApp.swift in Sources */ = {isa = PBXBuildFile; fileRef = C842246E25BC9F79001BE29C /* UnitTestingDemoApp.swift */; };
		C842247125BC9F79001BE29C /* ContentView.swift in Sources */ = {isa = PBXBuildFile; fileRef = C842247025BC9F79001BE29C /* ContentView.swift */; };
		C842247325BC9F7B001BE29C /* Assets.xcassets in Resources */ = {isa = PBXBuildFile; fileRef = C842247225BC9F7B001BE29C /* Assets.xcassets */; };
		C842247625BC9F7B001BE29C /* Preview Assets.xcassets in Resources */ = {isa = PBXBuildFile; fileRef = C842247525BC9F7B001BE29C /* Preview Assets.xcassets */; };
		C842249625BCA056001BE29C /* UnitTestingDemoTests.swift in Sources */ = {isa = PBXBuildFile; fileRef = C842249525BCA056001BE29C /* UnitTestingDemoTests.swift */; };
		C84224A025BCA459001BE29C /* RocketTests.swift in Sources */ = {isa = PBXBuildFile; fileRef = C842249F25BCA459001BE29C /* RocketTests.swift */; };
		C84224A425BCA54B001BE29C /* Rocket.swift in Sources */ = {isa = PBXBuildFile; fileRef = C84224A325BCA54B001BE29C /* Rocket.swift */; };
/* End PBXBuildFile section */

/* Begin PBXContainerItemProxy section */
		C842249825BCA056001BE29C /* PBXContainerItemProxy */ = {
			isa = PBXContainerItemProxy;
			containerPortal = C842246325BC9F79001BE29C /* Project object */;
			proxyType = 1;
			remoteGlobalIDString = C842246A25BC9F79001BE29C;
			remoteInfo = UnitTestingDemo;
		};
/* End PBXContainerItemProxy section */

/* Begin PBXFileReference section */
		C842246B25BC9F79001BE29C /* UnitTestingDemo.app */ = {isa = PBXFileReference; explicitFileType = wrapper.application; includeInIndex = 0; path = UnitTestingDemo.app; sourceTree = BUILT_PRODUCTS_DIR; };
		C842246E25BC9F79001BE29C /* UnitTestingDemoApp.swift */ = {isa = PBXFileReference; lastKnownFileType = sourcecode.swift; path = UnitTestingDemoApp.swift; sourceTree = "<group>"; };
		C842247025BC9F79001BE29C /* ContentView.swift */ = {isa = PBXFileReference; lastKnownFileType = sourcecode.swift; path = ContentView.swift; sourceTree = "<group>"; };
		C842247225BC9F7B001BE29C /* Assets.xcassets */ = {isa = PBXFileReference; lastKnownFileType = folder.assetcatalog; path = Assets.xcassets; sourceTree = "<group>"; };
		C842247525BC9F7B001BE29C /* Preview Assets.xcassets */ = {isa = PBXFileReference; lastKnownFileType = folder.assetcatalog; path = "Preview Assets.xcassets"; sourceTree = "<group>"; };
		C842247725BC9F7B001BE29C /* Info.plist */ = {isa = PBXFileReference; lastKnownFileType = text.plist.xml; path = Info.plist; sourceTree = "<group>"; };
		C842249325BCA056001BE29C /* UnitTestingDemoTests.xctest */ = {isa = PBXFileReference; explicitFileType = wrapper.cfbundle; includeInIndex = 0; path = UnitTestingDemoTests.xctest; sourceTree = BUILT_PRODUCTS_DIR; };
		C842249525BCA056001BE29C /* UnitTestingDemoTests.swift */ = {isa = PBXFileReference; lastKnownFileType = sourcecode.swift; path = UnitTestingDemoTests.swift; sourceTree = "<group>"; };
		C842249725BCA056001BE29C /* Info.plist */ = {isa = PBXFileReference; lastKnownFileType = text.plist.xml; path = Info.plist; sourceTree = "<group>"; };
		C842249F25BCA459001BE29C /* RocketTests.swift */ = {isa = PBXFileReference; lastKnownFileType = sourcecode.swift; path = RocketTests.swift; sourceTree = "<group>"; };
		C84224A325BCA54B001BE29C /* Rocket.swift */ = {isa = PBXFileReference; fileEncoding = 4; lastKnownFileType = sourcecode.swift; path = Rocket.swift; sourceTree = "<group>"; };
/* End PBXFileReference section */

/* Begin PBXFrameworksBuildPhase section */
		C842246825BC9F79001BE29C /* Frameworks */ = {
			isa = PBXFrameworksBuildPhase;
			buildActionMask = 2147483647;
			files = (
			);
			runOnlyForDeploymentPostprocessing = 0;
		};
		C842249025BCA056001BE29C /* Frameworks */ = {
			isa = PBXFrameworksBuildPhase;
			buildActionMask = 2147483647;
			files = (
			);
			runOnlyForDeploymentPostprocessing = 0;
		};
/* End PBXFrameworksBuildPhase section */

/* Begin PBXGroup section */
		C842246225BC9F79001BE29C = {
			isa = PBXGroup;
			children = (
				C842246D25BC9F79001BE29C /* UnitTestingDemo */,
				C842249425BCA056001BE29C /* UnitTestingDemoTests */,
				C842246C25BC9F79001BE29C /* Products */,
			);
			sourceTree = "<group>";
		};
		C842246C25BC9F79001BE29C /* Products */ = {
			isa = PBXGroup;
			children = (
				C842246B25BC9F79001BE29C /* UnitTestingDemo.app */,
				C842249325BCA056001BE29C /* UnitTestingDemoTests.xctest */,
			);
			name = Products;
			sourceTree = "<group>";
		};
		C842246D25BC9F79001BE29C /* UnitTestingDemo */ = {
			isa = PBXGroup;
			children = (
				C842246E25BC9F79001BE29C /* UnitTestingDemoApp.swift */,
				C842247025BC9F79001BE29C /* ContentView.swift */,
				C84224A325BCA54B001BE29C /* Rocket.swift */,
				C842247225BC9F7B001BE29C /* Assets.xcassets */,
				C842247725BC9F7B001BE29C /* Info.plist */,
				C842247425BC9F7B001BE29C /* Preview Content */,
			);
			path = UnitTestingDemo;
			sourceTree = "<group>";
		};
		C842247425BC9F7B001BE29C /* Preview Content */ = {
			isa = PBXGroup;
			children = (
				C842247525BC9F7B001BE29C /* Preview Assets.xcassets */,
			);
			path = "Preview Content";
			sourceTree = "<group>";
		};
		C842249425BCA056001BE29C /* UnitTestingDemoTests */ = {
			isa = PBXGroup;
			children = (
				C842249525BCA056001BE29C /* UnitTestingDemoTests.swift */,
				C842249725BCA056001BE29C /* Info.plist */,
				C842249F25BCA459001BE29C /* RocketTests.swift */,
			);
			path = UnitTestingDemoTests;
			sourceTree = "<group>";
		};
/* End PBXGroup section */

/* Begin PBXNativeTarget section */
		C842246A25BC9F79001BE29C /* UnitTestingDemo */ = {
			isa = PBXNativeTarget;
			buildConfigurationList = C842247A25BC9F7B001BE29C /* Build configuration list for PBXNativeTarget "UnitTestingDemo" */;
			buildPhases = (
				C842246725BC9F79001BE29C /* Sources */,
				C842246825BC9F79001BE29C /* Frameworks */,
				C842246925BC9F79001BE29C /* Resources */,
			);
			buildRules = (
			);
			dependencies = (
			);
			name = UnitTestingDemo;
			productName = UnitTestingDemo;
			productReference = C842246B25BC9F79001BE29C /* UnitTestingDemo.app */;
			productType = "com.apple.product-type.application";
		};
		C842249225BCA056001BE29C /* UnitTestingDemoTests */ = {
			isa = PBXNativeTarget;
			buildConfigurationList = C842249A25BCA056001BE29C /* Build configuration list for PBXNativeTarget "UnitTestingDemoTests" */;
			buildPhases = (
				C842248F25BCA056001BE29C /* Sources */,
				C842249025BCA056001BE29C /* Frameworks */,
				C842249125BCA056001BE29C /* Resources */,
			);
			buildRules = (
			);
			dependencies = (
				C842249925BCA056001BE29C /* PBXTargetDependency */,
			);
			name = UnitTestingDemoTests;
			productName = UnitTestingDemoTests;
			productReference = C842249325BCA056001BE29C /* UnitTestingDemoTests.xctest */;
			productType = "com.apple.product-type.bundle.unit-test";
		};
/* End PBXNativeTarget section */

/* Begin PBXProject section */
		C842246325BC9F79001BE29C /* Project object */ = {
			isa = PBXProject;
			attributes = {
				LastSwiftUpdateCheck = 1230;
				LastUpgradeCheck = 1230;
				TargetAttributes = {
					C842246A25BC9F79001BE29C = {
						CreatedOnToolsVersion = 12.3;
					};
					C842249225BCA056001BE29C = {
						CreatedOnToolsVersion = 12.3;
						TestTargetID = C842246A25BC9F79001BE29C;
					};
				};
			};
			buildConfigurationList = C842246625BC9F79001BE29C /* Build configuration list for PBXProject "UnitTestingDemo" */;
			compatibilityVersion = "Xcode 9.3";
			developmentRegion = en;
			hasScannedForEncodings = 0;
			knownRegions = (
				en,
				Base,
			);
			mainGroup = C842246225BC9F79001BE29C;
			productRefGroup = C842246C25BC9F79001BE29C /* Products */;
			projectDirPath = "";
			projectRoot = "";
			targets = (
				C842246A25BC9F79001BE29C /* UnitTestingDemo */,
				C842249225BCA056001BE29C /* UnitTestingDemoTests */,
			);
		};
/* End PBXProject section */

/* Begin PBXResourcesBuildPhase section */
		C842246925BC9F79001BE29C /* Resources */ = {
			isa = PBXResourcesBuildPhase;
			buildActionMask = 2147483647;
			files = (
				C842247625BC9F7B001BE29C /* Preview Assets.xcassets in Resources */,
				C842247325BC9F7B001BE29C /* Assets.xcassets in Resources */,
			);
			runOnlyForDeploymentPostprocessing = 0;
		};
		C842249125BCA056001BE29C /* Resources */ = {
			isa = PBXResourcesBuildPhase;
			buildActionMask = 2147483647;
			files = (
			);
			runOnlyForDeploymentPostprocessing = 0;
		};
/* End PBXResourcesBuildPhase section */

/* Begin PBXSourcesBuildPhase section */
		C842246725BC9F79001BE29C /* Sources */ = {
			isa = PBXSourcesBuildPhase;
			buildActionMask = 2147483647;
			files = (
				C84224A425BCA54B001BE29C /* Rocket.swift in Sources */,
				C842247125BC9F79001BE29C /* ContentView.swift in Sources */,
				C842246F25BC9F79001BE29C /* UnitTestingDemoApp.swift in Sources */,
			);
			runOnlyForDeploymentPostprocessing = 0;
		};
		C842248F25BCA056001BE29C /* Sources */ = {
			isa = PBXSourcesBuildPhase;
			buildActionMask = 2147483647;
			files = (
				C842249625BCA056001BE29C /* UnitTestingDemoTests.swift in Sources */,
				C84224A025BCA459001BE29C /* RocketTests.swift in Sources */,
			);
			runOnlyForDeploymentPostprocessing = 0;
		};
/* End PBXSourcesBuildPhase section */

/* Begin PBXTargetDependency section */
		C842249925BCA056001BE29C /* PBXTargetDependency */ = {
			isa = PBXTargetDependency;
			target = C842246A25BC9F79001BE29C /* UnitTestingDemo */;
			targetProxy = C842249825BCA056001BE29C /* PBXContainerItemProxy */;
		};
/* End PBXTargetDependency section */

/* Begin XCBuildConfiguration section */
		C842247825BC9F7B001BE29C /* Debug */ = {
			isa = XCBuildConfiguration;
			buildSettings = {
				ALWAYS_SEARCH_USER_PATHS = NO;
				CLANG_ANALYZER_NONNULL = YES;
				CLANG_ANALYZER_NUMBER_OBJECT_CONVERSION = YES_AGGRESSIVE;
				CLANG_CXX_LANGUAGE_STANDARD = "gnu++14";
				CLANG_CXX_LIBRARY = "libc++";
				CLANG_ENABLE_MODULES = YES;
				CLANG_ENABLE_OBJC_ARC = YES;
				CLANG_ENABLE_OBJC_WEAK = YES;
				CLANG_WARN_BLOCK_CAPTURE_AUTORELEASING = YES;
				CLANG_WARN_BOOL_CONVERSION = YES;
				CLANG_WARN_COMMA = YES;
				CLANG_WARN_CONSTANT_CONVERSION = YES;
				CLANG_WARN_DEPRECATED_OBJC_IMPLEMENTATIONS = YES;
				CLANG_WARN_DIRECT_OBJC_ISA_USAGE = YES_ERROR;
				CLANG_WARN_DOCUMENTATION_COMMENTS = YES;
				CLANG_WARN_EMPTY_BODY = YES;
				CLANG_WARN_ENUM_CONVERSION = YES;
				CLANG_WARN_INFINITE_RECURSION = YES;
				CLANG_WARN_INT_CONVERSION = YES;
				CLANG_WARN_NON_LITERAL_NULL_CONVERSION = YES;
				CLANG_WARN_OBJC_IMPLICIT_RETAIN_SELF = YES;
				CLANG_WARN_OBJC_LITERAL_CONVERSION = YES;
				CLANG_WARN_OBJC_ROOT_CLASS = YES_ERROR;
				CLANG_WARN_QUOTED_INCLUDE_IN_FRAMEWORK_HEADER = YES;
				CLANG_WARN_RANGE_LOOP_ANALYSIS = YES;
				CLANG_WARN_STRICT_PROTOTYPES = YES;
				CLANG_WARN_SUSPICIOUS_MOVE = YES;
				CLANG_WARN_UNGUARDED_AVAILABILITY = YES_AGGRESSIVE;
				CLANG_WARN_UNREACHABLE_CODE = YES;
				CLANG_WARN__DUPLICATE_METHOD_MATCH = YES;
				COPY_PHASE_STRIP = NO;
				DEBUG_INFORMATION_FORMAT = dwarf;
				ENABLE_STRICT_OBJC_MSGSEND = YES;
				ENABLE_TESTABILITY = YES;
				GCC_C_LANGUAGE_STANDARD = gnu11;
				GCC_DYNAMIC_NO_PIC = NO;
				GCC_NO_COMMON_BLOCKS = YES;
				GCC_OPTIMIZATION_LEVEL = 0;
				GCC_PREPROCESSOR_DEFINITIONS = (
					"DEBUG=1",
					"$(inherited)",
				);
				GCC_WARN_64_TO_32_BIT_CONVERSION = YES;
				GCC_WARN_ABOUT_RETURN_TYPE = YES_ERROR;
				GCC_WARN_UNDECLARED_SELECTOR = YES;
				GCC_WARN_UNINITIALIZED_AUTOS = YES_AGGRESSIVE;
				GCC_WARN_UNUSED_FUNCTION = YES;
				GCC_WARN_UNUSED_VARIABLE = YES;
				IPHONEOS_DEPLOYMENT_TARGET = 14.3;
				MTL_ENABLE_DEBUG_INFO = INCLUDE_SOURCE;
				MTL_FAST_MATH = YES;
				ONLY_ACTIVE_ARCH = YES;
				SDKROOT = iphoneos;
				SWIFT_ACTIVE_COMPILATION_CONDITIONS = DEBUG;
				SWIFT_OPTIMIZATION_LEVEL = "-Onone";
			};
			name = Debug;
		};
		C842247925BC9F7B001BE29C /* Release */ = {
			isa = XCBuildConfiguration;
			buildSettings = {
				ALWAYS_SEARCH_USER_PATHS = NO;
				CLANG_ANALYZER_NONNULL = YES;
				CLANG_ANALYZER_NUMBER_OBJECT_CONVERSION = YES_AGGRESSIVE;
				CLANG_CXX_LANGUAGE_STANDARD = "gnu++14";
				CLANG_CXX_LIBRARY = "libc++";
				CLANG_ENABLE_MODULES = YES;
				CLANG_ENABLE_OBJC_ARC = YES;
				CLANG_ENABLE_OBJC_WEAK = YES;
				CLANG_WARN_BLOCK_CAPTURE_AUTORELEASING = YES;
				CLANG_WARN_BOOL_CONVERSION = YES;
				CLANG_WARN_COMMA = YES;
				CLANG_WARN_CONSTANT_CONVERSION = YES;
				CLANG_WARN_DEPRECATED_OBJC_IMPLEMENTATIONS = YES;
				CLANG_WARN_DIRECT_OBJC_ISA_USAGE = YES_ERROR;
				CLANG_WARN_DOCUMENTATION_COMMENTS = YES;
				CLANG_WARN_EMPTY_BODY = YES;
				CLANG_WARN_ENUM_CONVERSION = YES;
				CLANG_WARN_INFINITE_RECURSION = YES;
				CLANG_WARN_INT_CONVERSION = YES;
				CLANG_WARN_NON_LITERAL_NULL_CONVERSION = YES;
				CLANG_WARN_OBJC_IMPLICIT_RETAIN_SELF = YES;
				CLANG_WARN_OBJC_LITERAL_CONVERSION = YES;
				CLANG_WARN_OBJC_ROOT_CLASS = YES_ERROR;
				CLANG_WARN_QUOTED_INCLUDE_IN_FRAMEWORK_HEADER = YES;
				CLANG_WARN_RANGE_LOOP_ANALYSIS = YES;
				CLANG_WARN_STRICT_PROTOTYPES = YES;
				CLANG_WARN_SUSPICIOUS_MOVE = YES;
				CLANG_WARN_UNGUARDED_AVAILABILITY = YES_AGGRESSIVE;
				CLANG_WARN_UNREACHABLE_CODE = YES;
				CLANG_WARN__DUPLICATE_METHOD_MATCH = YES;
				COPY_PHASE_STRIP = NO;
				DEBUG_INFORMATION_FORMAT = "dwarf-with-dsym";
				ENABLE_NS_ASSERTIONS = NO;
				ENABLE_STRICT_OBJC_MSGSEND = YES;
				GCC_C_LANGUAGE_STANDARD = gnu11;
				GCC_NO_COMMON_BLOCKS = YES;
				GCC_WARN_64_TO_32_BIT_CONVERSION = YES;
				GCC_WARN_ABOUT_RETURN_TYPE = YES_ERROR;
				GCC_WARN_UNDECLARED_SELECTOR = YES;
				GCC_WARN_UNINITIALIZED_AUTOS = YES_AGGRESSIVE;
				GCC_WARN_UNUSED_FUNCTION = YES;
				GCC_WARN_UNUSED_VARIABLE = YES;
				IPHONEOS_DEPLOYMENT_TARGET = 14.3;
				MTL_ENABLE_DEBUG_INFO = NO;
				MTL_FAST_MATH = YES;
				SDKROOT = iphoneos;
				SWIFT_COMPILATION_MODE = wholemodule;
				SWIFT_OPTIMIZATION_LEVEL = "-O";
				VALIDATE_PRODUCT = YES;
			};
			name = Release;
		};
		C842247B25BC9F7B001BE29C /* Debug */ = {
			isa = XCBuildConfiguration;
			buildSettings = {
				ASSETCATALOG_COMPILER_APPICON_NAME = AppIcon;
				ASSETCATALOG_COMPILER_GLOBAL_ACCENT_COLOR_NAME = AccentColor;
				CODE_SIGN_STYLE = Automatic;
				DEVELOPMENT_ASSET_PATHS = "\"UnitTestingDemo/Preview Content\"";
				DEVELOPMENT_TEAM = MEEH8E5U85;
				ENABLE_PREVIEWS = YES;
				INFOPLIST_FILE = UnitTestingDemo/Info.plist;
				IPHONEOS_DEPLOYMENT_TARGET = 14.0;
				LD_RUNPATH_SEARCH_PATHS = (
					"$(inherited)",
					"@executable_path/Frameworks",
				);
				PRODUCT_BUNDLE_IDENTIFIER = com.kristijankralj.UnitTestingDemo;
				PRODUCT_NAME = "$(TARGET_NAME)";
				SWIFT_VERSION = 5.0;
				TARGETED_DEVICE_FAMILY = "1,2";
			};
			name = Debug;
		};
		C842247C25BC9F7B001BE29C /* Release */ = {
			isa = XCBuildConfiguration;
			buildSettings = {
				ASSETCATALOG_COMPILER_APPICON_NAME = AppIcon;
				ASSETCATALOG_COMPILER_GLOBAL_ACCENT_COLOR_NAME = AccentColor;
				CODE_SIGN_STYLE = Automatic;
				DEVELOPMENT_ASSET_PATHS = "\"UnitTestingDemo/Preview Content\"";
				DEVELOPMENT_TEAM = MEEH8E5U85;
				ENABLE_PREVIEWS = YES;
				INFOPLIST_FILE = UnitTestingDemo/Info.plist;
				IPHONEOS_DEPLOYMENT_TARGET = 14.0;
				LD_RUNPATH_SEARCH_PATHS = (
					"$(inherited)",
					"@executable_path/Frameworks",
				);
				PRODUCT_BUNDLE_IDENTIFIER = com.kristijankralj.UnitTestingDemo;
				PRODUCT_NAME = "$(TARGET_NAME)";
				SWIFT_VERSION = 5.0;
				TARGETED_DEVICE_FAMILY = "1,2";
			};
			name = Release;
		};
		C842249B25BCA056001BE29C /* Debug */ = {
			isa = XCBuildConfiguration;
			buildSettings = {
				BUNDLE_LOADER = "$(TEST_HOST)";
				CODE_SIGN_STYLE = Automatic;
				DEVELOPMENT_TEAM = MEEH8E5U85;
				INFOPLIST_FILE = UnitTestingDemoTests/Info.plist;
				LD_RUNPATH_SEARCH_PATHS = (
					"$(inherited)",
					"@executable_path/Frameworks",
					"@loader_path/Frameworks",
				);
				PRODUCT_BUNDLE_IDENTIFIER = com.kristijankralj.UnitTestingDemoTests;
				PRODUCT_NAME = "$(TARGET_NAME)";
				SWIFT_VERSION = 5.0;
				TARGETED_DEVICE_FAMILY = "1,2";
				TEST_HOST = "$(BUILT_PRODUCTS_DIR)/UnitTestingDemo.app/UnitTestingDemo";
			};
			name = Debug;
		};
		C842249C25BCA056001BE29C /* Release */ = {
			isa = XCBuildConfiguration;
			buildSettings = {
				BUNDLE_LOADER = "$(TEST_HOST)";
				CODE_SIGN_STYLE = Automatic;
				DEVELOPMENT_TEAM = MEEH8E5U85;
				INFOPLIST_FILE = UnitTestingDemoTests/Info.plist;
				LD_RUNPATH_SEARCH_PATHS = (
					"$(inherited)",
					"@executable_path/Frameworks",
					"@loader_path/Frameworks",
				);
				PRODUCT_BUNDLE_IDENTIFIER = com.kristijankralj.UnitTestingDemoTests;
				PRODUCT_NAME = "$(TARGET_NAME)";
				SWIFT_VERSION = 5.0;
				TARGETED_DEVICE_FAMILY = "1,2";
				TEST_HOST = "$(BUILT_PRODUCTS_DIR)/UnitTestingDemo.app/UnitTestingDemo";
			};
			name = Release;
		};
/* End XCBuildConfiguration section */

/* Begin XCConfigurationList section */
		C842246625BC9F79001BE29C /* Build configuration list for PBXProject "UnitTestingDemo" */ = {
			isa = XCConfigurationList;
			buildConfigurations = (
				C842247825BC9F7B001BE29C /* Debug */,
				C842247925BC9F7B001BE29C /* Release */,
			);
			defaultConfigurationIsVisible = 0;
			defaultConfigurationName = Release;
		};
		C842247A25BC9F7B001BE29C /* Build configuration list for PBXNativeTarget "UnitTestingDemo" */ = {
			isa = XCConfigurationList;
			buildConfigurations = (
				C842247B25BC9F7B001BE29C /* Debug */,
				C842247C25BC9F7B001BE29C /* Release */,
			);
			defaultConfigurationIsVisible = 0;
			defaultConfigurationName = Release;
		};
		C842249A25BCA056001BE29C /* Build configuration list for PBXNativeTarget "UnitTestingDemoTests" */ = {
			isa = XCConfigurationList;
			buildConfigurations = (
				C842249B25BCA056001BE29C /* Debug */,
				C842249C25BCA056001BE29C /* Release */,
			);
			defaultConfigurationIsVisible = 0;
			defaultConfigurationName = Release;
		};
/* End XCConfigurationList section */
	};
	rootObject = C842246325BC9F79001BE29C /* Project object */;
}
